// !$*UTF8*$!
{
	archiveVersion = 1;
	classes = {
	};
	objectVersion = 77;
	objects = {

/* Begin PBXBuildFile section */
		188899DA1C5498CBD7233AEC /* IosSpmDemoTests.swift in Sources */ = {isa = PBXBuildFile; fileRef = E41FF75FDAE9F1414E16B64E /* IosSpmDemoTests.swift */; };
		5BE24A11CE91449806B5A20B /* Assets.xcassets in Resources */ = {isa = PBXBuildFile; fileRef = FF893384219F9D234CBD7AE4 /* Assets.xcassets */; };
		5C731BF8769C997F318B5CE9 /* IosSpmDemoApp.swift in Sources */ = {isa = PBXBuildFile; fileRef = 2540A1BB18D1C853A5E2A70B /* IosSpmDemoApp.swift */; };
		D0A2A4DE5851148ADEA96EBA /* ContentView.swift in Sources */ = {isa = PBXBuildFile; fileRef = 78D1956AB2045FCDB180C95D /* ContentView.swift */; };
/* End PBXBuildFile section */

/* Begin PBXContainerItemProxy section */
		64A862C58A69B9763D262163 /* PBXContainerItemProxy */ = {
			isa = PBXContainerItemProxy;
			containerPortal = CF5CB035668FEFC768048B99 /* Project object */;
			proxyType = 1;
			remoteGlobalIDString = F77A996D147AAFDF1B910223;
			remoteInfo = IosSpmDemo;
		};
/* End PBXContainerItemProxy section */

/* Begin PBXFileReference section */
		2540A1BB18D1C853A5E2A70B /* IosSpmDemoApp.swift */ = {isa = PBXFileReference; lastKnownFileType = sourcecode.swift; path = IosSpmDemoApp.swift; sourceTree = "<group>"; };
		78D1956AB2045FCDB180C95D /* ContentView.swift */ = {isa = PBXFileReference; lastKnownFileType = sourcecode.swift; path = ContentView.swift; sourceTree = "<group>"; };
		A32E259E3141889112D031B4 /* IosSpmDemoTests.xctest */ = {isa = PBXFileReference; includeInIndex = 0; lastKnownFileType = wrapper.cfbundle; path = IosSpmDemoTests.xctest; sourceTree = BUILT_PRODUCTS_DIR; };
		E41FF75FDAE9F1414E16B64E /* IosSpmDemoTests.swift */ = {isa = PBXFileReference; lastKnownFileType = sourcecode.swift; path = IosSpmDemoTests.swift; sourceTree = "<group>"; };
		EBFA421C150F5C46B7983DA1 /* IosSpmDemo.app */ = {isa = PBXFileReference; includeInIndex = 0; lastKnownFileType = wrapper.application; path = IosSpmDemo.app; sourceTree = BUILT_PRODUCTS_DIR; };
		FF893384219F9D234CBD7AE4 /* Assets.xcassets */ = {isa = PBXFileReference; lastKnownFileType = folder.assetcatalog; path = Assets.xcassets; sourceTree = "<group>"; };
/* End PBXFileReference section */

/* Begin PBXGroup section */
		17A67489B6477AB3511E10EC = {
			isa = PBXGroup;
			children = (
				403BBA561E1D0967AF5E05BE /* IosSpmDemo */,
				17BBBB3606FB587304BB817A /* IosSpmDemoTests */,
				53CC35329CD60F43E27399FC /* Products */,
			);
			sourceTree = "<group>";
		};
		17BBBB3606FB587304BB817A /* IosSpmDemoTests */ = {
			isa = PBXGroup;
			children = (
				E41FF75FDAE9F1414E16B64E /* IosSpmDemoTests.swift */,
			);
			path = IosSpmDemoTests;
			sourceTree = "<group>";
		};
		403BBA561E1D0967AF5E05BE /* IosSpmDemo */ = {
			isa = PBXGroup;
			children = (
				FF893384219F9D234CBD7AE4 /* Assets.xcassets */,
				78D1956AB2045FCDB180C95D /* ContentView.swift */,
				2540A1BB18D1C853A5E2A70B /* IosSpmDemoApp.swift */,
			);
			path = IosSpmDemo;
			sourceTree = "<group>";
		};
		53CC35329CD60F43E27399FC /* Products */ = {
			isa = PBXGroup;
			children = (
				EBFA421C150F5C46B7983DA1 /* IosSpmDemo.app */,
				A32E259E3141889112D031B4 /* IosSpmDemoTests.xctest */,
			);
			name = Products;
			sourceTree = "<group>";
		};
/* End PBXGroup section */

/* Begin PBXNativeTarget section */
		C8C7FA02002B1B223AF20710 /* IosSpmDemoTests */ = {
			isa = PBXNativeTarget;
			buildConfigurationList = 8F4B9DAFC0816FABE37CB72D /* Build configuration list for PBXNativeTarget "IosSpmDemoTests" */;
			buildPhases = (
				EFB9E05737C2F5F3D23B26A3 /* Sources */,
			);
			buildRules = (
			);
			dependencies = (
				D4430FC433F42DDBFD8DF4A2 /* PBXTargetDependency */,
			);
			name = IosSpmDemoTests;
			packageProductDependencies = (
			);
			productName = IosSpmDemoTests;
			productReference = A32E259E3141889112D031B4 /* IosSpmDemoTests.xctest */;
			productType = "com.apple.product-type.bundle.unit-test";
		};
		F77A996D147AAFDF1B910223 /* IosSpmDemo */ = {
			isa = PBXNativeTarget;
			buildConfigurationList = 7252949328A9F2516E325283 /* Build configuration list for PBXNativeTarget "IosSpmDemo" */;
			buildPhases = (
				F49E9637B91278E4919116B6 /* Sources */,
				43687E5FC38F4237BF20D73C /* Resources */,
			);
			buildRules = (
			);
			dependencies = (
			);
			name = IosSpmDemo;
			packageProductDependencies = (
			);
			productName = IosSpmDemo;
			productReference = EBFA421C150F5C46B7983DA1 /* IosSpmDemo.app */;
			productType = "com.apple.product-type.application";
		};
/* End PBXNativeTarget section */

/* Begin PBXProject section */
		CF5CB035668FEFC768048B99 /* Project object */ = {
			isa = PBXProject;
			attributes = {
				BuildIndependentTargetsInParallel = YES;
				LastUpgradeCheck = 1430;
				TargetAttributes = {
				};
			};
			buildConfigurationList = CF2D5E196D584A83E4379CD0 /* Build configuration list for PBXProject "IosSpmDemo" */;
			developmentRegion = en;
			hasScannedForEncodings = 0;
			knownRegions = (
				Base,
				en,
			);
			mainGroup = 17A67489B6477AB3511E10EC;
			minimizedProjectReferenceProxies = 1;
			preferredProjectObjectVersion = 77;
			productRefGroup = 53CC35329CD60F43E27399FC /* Products */;
			projectDirPath = "";
			projectRoot = "";
			targets = (
				F77A996D147AAFDF1B910223 /* IosSpmDemo */,
				C8C7FA02002B1B223AF20710 /* IosSpmDemoTests */,
			);
		};
/* End PBXProject section */

/* Begin PBXResourcesBuildPhase section */
		43687E5FC38F4237BF20D73C /* Resources */ = {
			isa = PBXResourcesBuildPhase;
			buildActionMask = 2147483647;
			files = (
				5BE24A11CE91449806B5A20B /* Assets.xcassets in Resources */,
			);
			runOnlyForDeploymentPostprocessing = 0;
		};
/* End PBXResourcesBuildPhase section */

/* Begin PBXSourcesBuildPhase section */
		EFB9E05737C2F5F3D23B26A3 /* Sources */ = {
			isa = PBXSourcesBuildPhase;
			buildActionMask = 2147483647;
			files = (
				188899DA1C5498CBD7233AEC /* IosSpmDemoTests.swift in Sources */,
			);
			runOnlyForDeploymentPostprocessing = 0;
		};
		F49E9637B91278E4919116B6 /* Sources */ = {
			isa = PBXSourcesBuildPhase;
			buildActionMask = 2147483647;
			files = (
				D0A2A4DE5851148ADEA96EBA /* ContentView.swift in Sources */,
				5C731BF8769C997F318B5CE9 /* IosSpmDemoApp.swift in Sources */,
			);
			runOnlyForDeploymentPostprocessing = 0;
		};
/* End PBXSourcesBuildPhase section */

/* Begin PBXTargetDependency section */
		D4430FC433F42DDBFD8DF4A2 /* PBXTargetDependency */ = {
			isa = PBXTargetDependency;
			target = F77A996D147AAFDF1B910223 /* IosSpmDemo */;
			targetProxy = 64A862C58A69B9763D262163 /* PBXContainerItemProxy */;
		};
/* End PBXTargetDependency section */

/* Begin XCBuildConfiguration section */
		294F231A59386B9714029944 /* Debug */ = {
			isa = XCBuildConfiguration;
			buildSettings = {
				ALWAYS_SEARCH_USER_PATHS = NO;
				CLANG_ANALYZER_NONNULL = YES;
				CLANG_ANALYZER_NUMBER_OBJECT_CONVERSION = YES_AGGRESSIVE;
				CLANG_CXX_LANGUAGE_STANDARD = "gnu++14";
				CLANG_CXX_LIBRARY = "libc++";
				CLANG_ENABLE_MODULES = YES;
				CLANG_ENABLE_OBJC_ARC = YES;
				CLANG_ENABLE_OBJC_WEAK = YES;
				CLANG_WARN_BLOCK_CAPTURE_AUTORELEASING = YES;
				CLANG_WARN_BOOL_CONVERSION = YES;
				CLANG_WARN_COMMA = YES;
				CLANG_WARN_CONSTANT_CONVERSION = YES;
				CLANG_WARN_DEPRECATED_OBJC_IMPLEMENTATIONS = YES;
				CLANG_WARN_DIRECT_OBJC_ISA_USAGE = YES_ERROR;
				CLANG_WARN_DOCUMENTATION_COMMENTS = YES;
				CLANG_WARN_EMPTY_BODY = YES;
				CLANG_WARN_ENUM_CONVERSION = YES;
				CLANG_WARN_INFINITE_RECURSION = YES;
				CLANG_WARN_INT_CONVERSION = YES;
				CLANG_WARN_NON_LITERAL_NULL_CONVERSION = YES;
				CLANG_WARN_OBJC_IMPLICIT_RETAIN_SELF = YES;
				CLANG_WARN_OBJC_LITERAL_CONVERSION = YES;
				CLANG_WARN_OBJC_ROOT_CLASS = YES_ERROR;
				CLANG_WARN_QUOTED_INCLUDE_IN_FRAMEWORK_HEADER = YES;
				CLANG_WARN_RANGE_LOOP_ANALYSIS = YES;
				CLANG_WARN_STRICT_PROTOTYPES = YES;
				CLANG_WARN_SUSPICIOUS_MOVE = YES;
				CLANG_WARN_UNGUARDED_AVAILABILITY = YES_AGGRESSIVE;
				CLANG_WARN_UNREACHABLE_CODE = YES;
				CLANG_WARN__DUPLICATE_METHOD_MATCH = YES;
				COPY_PHASE_STRIP = NO;
				CURRENT_PROJECT_VERSION = 1;
				DEBUG_INFORMATION_FORMAT = dwarf;
				ENABLE_STRICT_OBJC_MSGSEND = YES;
				ENABLE_TESTABILITY = YES;
				GCC_C_LANGUAGE_STANDARD = gnu11;
				GCC_DYNAMIC_NO_PIC = NO;
				GCC_NO_COMMON_BLOCKS = YES;
				GCC_OPTIMIZATION_LEVEL = 0;
				GCC_PREPROCESSOR_DEFINITIONS = (
					"$(inherited)",
					"DEBUG=1",
				);
				GCC_WARN_64_TO_32_BIT_CONVERSION = YES;
				GCC_WARN_ABOUT_RETURN_TYPE = YES_ERROR;
				GCC_WARN_UNDECLARED_SELECTOR = YES;
				GCC_WARN_UNINITIALIZED_AUTOS = YES_AGGRESSIVE;
				GCC_WARN_UNUSED_FUNCTION = YES;
				GCC_WARN_UNUSED_VARIABLE = YES;
				GENERATE_INFOPLIST_FILE = YES;
				IPHONEOS_DEPLOYMENT_TARGET = 17.0;
				MARKETING_VERSION = 1.0;
				MTL_ENABLE_DEBUG_INFO = INCLUDE_SOURCE;
				MTL_FAST_MATH = YES;
				ONLY_ACTIVE_ARCH = YES;
				PRODUCT_NAME = "$(TARGET_NAME)";
				SDKROOT = iphoneos;
				SWIFT_ACTIVE_COMPILATION_CONDITIONS = DEBUG;
				SWIFT_OPTIMIZATION_LEVEL = "-Onone";
				SWIFT_VERSION = 5.10;
				TARGETED_DEVICE_FAMILY = "1,2";
			};
			name = Debug;
		};
		66BCF075236B7D45E6B2AEB7 /* Release */ = {
			isa = XCBuildConfiguration;
			buildSettings = {
				ALWAYS_SEARCH_USER_PATHS = NO;
				CLANG_ANALYZER_NONNULL = YES;
				CLANG_ANALYZER_NUMBER_OBJECT_CONVERSION = YES_AGGRESSIVE;
				CLANG_CXX_LANGUAGE_STANDARD = "gnu++14";
				CLANG_CXX_LIBRARY = "libc++";
				CLANG_ENABLE_MODULES = YES;
				CLANG_ENABLE_OBJC_ARC = YES;
				CLANG_ENABLE_OBJC_WEAK = YES;
				CLANG_WARN_BLOCK_CAPTURE_AUTORELEASING = YES;
				CLANG_WARN_BOOL_CONVERSION = YES;
				CLANG_WARN_COMMA = YES;
				CLANG_WARN_CONSTANT_CONVERSION = YES;
				CLANG_WARN_DEPRECATED_OBJC_IMPLEMENTATIONS = YES;
				CLANG_WARN_DIRECT_OBJC_ISA_USAGE = YES_ERROR;
				CLANG_WARN_DOCUMENTATION_COMMENTS = YES;
				CLANG_WARN_EMPTY_BODY = YES;
				CLANG_WARN_ENUM_CONVERSION = YES;
				CLANG_WARN_INFINITE_RECURSION = YES;
				CLANG_WARN_INT_CONVERSION = YES;
				CLANG_WARN_NON_LITERAL_NULL_CONVERSION = YES;
				CLANG_WARN_OBJC_IMPLICIT_RETAIN_SELF = YES;
				CLANG_WARN_OBJC_LITERAL_CONVERSION = YES;
				CLANG_WARN_OBJC_ROOT_CLASS = YES_ERROR;
				CLANG_WARN_QUOTED_INCLUDE_IN_FRAMEWORK_HEADER = YES;
				CLANG_WARN_RANGE_LOOP_ANALYSIS = YES;
				CLANG_WARN_STRICT_PROTOTYPES = YES;
				CLANG_WARN_SUSPICIOUS_MOVE = YES;
				CLANG_WARN_UNGUARDED_AVAILABILITY = YES_AGGRESSIVE;
				CLANG_WARN_UNREACHABLE_CODE = YES;
				CLANG_WARN__DUPLICATE_METHOD_MATCH = YES;
				COPY_PHASE_STRIP = NO;
				CURRENT_PROJECT_VERSION = 1;
				DEBUG_INFORMATION_FORMAT = "dwarf-with-dsym";
				ENABLE_NS_ASSERTIONS = NO;
				ENABLE_STRICT_OBJC_MSGSEND = YES;
				GCC_C_LANGUAGE_STANDARD = gnu11;
				GCC_NO_COMMON_BLOCKS = YES;
				GCC_WARN_64_TO_32_BIT_CONVERSION = YES;
				GCC_WARN_ABOUT_RETURN_TYPE = YES_ERROR;
				GCC_WARN_UNDECLARED_SELECTOR = YES;
				GCC_WARN_UNINITIALIZED_AUTOS = YES_AGGRESSIVE;
				GCC_WARN_UNUSED_FUNCTION = YES;
				GCC_WARN_UNUSED_VARIABLE = YES;
				GENERATE_INFOPLIST_FILE = YES;
				IPHONEOS_DEPLOYMENT_TARGET = 17.0;
				MARKETING_VERSION = 1.0;
				MTL_ENABLE_DEBUG_INFO = NO;
				MTL_FAST_MATH = YES;
				PRODUCT_NAME = "$(TARGET_NAME)";
				SDKROOT = iphoneos;
				SWIFT_COMPILATION_MODE = wholemodule;
				SWIFT_OPTIMIZATION_LEVEL = "-O";
				SWIFT_VERSION = 5.10;
				TARGETED_DEVICE_FAMILY = "1,2";
			};
			name = Release;
		};
		A87171123AEE6A1319C35832 /* Release */ = {
			isa = XCBuildConfiguration;
			buildSettings = {
				BUNDLE_LOADER = "$(TEST_HOST)";
				LD_RUNPATH_SEARCH_PATHS = (
					"$(inherited)",
					"@executable_path/Frameworks",
					"@loader_path/Frameworks",
				);
				PRODUCT_BUNDLE_IDENTIFIER = com.invarn.fixtures.IosSpmDemoTests;
				SDKROOT = iphoneos;
				TARGETED_DEVICE_FAMILY = "1,2";
				TEST_HOST = "$(BUILT_PRODUCTS_DIR)/IosSpmDemo.app/IosSpmDemo";
			};
			name = Release;
		};
		BB890F76B0816AD796B94174 /* Debug */ = {
			isa = XCBuildConfiguration;
			buildSettings = {
				BUNDLE_LOADER = "$(TEST_HOST)";
				LD_RUNPATH_SEARCH_PATHS = (
					"$(inherited)",
					"@executable_path/Frameworks",
					"@loader_path/Frameworks",
				);
				PRODUCT_BUNDLE_IDENTIFIER = com.invarn.fixtures.IosSpmDemoTests;
				SDKROOT = iphoneos;
				TARGETED_DEVICE_FAMILY = "1,2";
				TEST_HOST = "$(BUILT_PRODUCTS_DIR)/IosSpmDemo.app/IosSpmDemo";
			};
			name = Debug;
		};
		E139CB474BD8C28282472FEE /* Debug */ = {
			isa = XCBuildConfiguration;
			buildSettings = {
				ASSETCATALOG_COMPILER_APPICON_NAME = AppIcon;
				CODE_SIGN_IDENTITY = "iPhone Developer";
				INFOPLIST_KEY_UIApplicationSceneManifest_Generation = YES;
				INFOPLIST_KEY_UIApplicationSupportsIndirectInputEvents = YES;
				INFOPLIST_KEY_UILaunchScreen_Generation = YES;
				INFOPLIST_KEY_UISupportedInterfaceOrientations_iPad = "UIInterfaceOrientationPortrait UIInterfaceOrientationPortraitUpsideDown UIInterfaceOrientationLandscapeLeft UIInterfaceOrientationLandscapeRight";
				INFOPLIST_KEY_UISupportedInterfaceOrientations_iPhone = "UIInterfaceOrientationPortrait UIInterfaceOrientationLandscapeLeft UIInterfaceOrientationLandscapeRight";
				LD_RUNPATH_SEARCH_PATHS = (
					"$(inherited)",
					"@executable_path/Frameworks",
				);
				PRODUCT_BUNDLE_IDENTIFIER = com.invarn.fixtures.IosSpmDemo;
				SDKROOT = iphoneos;
				TARGETED_DEVICE_FAMILY = "1,2";
			};
			name = Debug;
		};
		FD70574C97623C28DA7A3BDA /* Release */ = {
			isa = XCBuildConfiguration;
			buildSettings = {
				ASSETCATALOG_COMPILER_APPICON_NAME = AppIcon;
				CODE_SIGN_IDENTITY = "iPhone Developer";
				INFOPLIST_KEY_UIApplicationSceneManifest_Generation = YES;
				INFOPLIST_KEY_UIApplicationSupportsIndirectInputEvents = YES;
				INFOPLIST_KEY_UILaunchScreen_Generation = YES;
				INFOPLIST_KEY_UISupportedInterfaceOrientations_iPad = "UIInterfaceOrientationPortrait UIInterfaceOrientationPortraitUpsideDown UIInterfaceOrientationLandscapeLeft UIInterfaceOrientationLandscapeRight";
				INFOPLIST_KEY_UISupportedInterfaceOrientations_iPhone = "UIInterfaceOrientationPortrait UIInterfaceOrientationLandscapeLeft UIInterfaceOrientationLandscapeRight";
				LD_RUNPATH_SEARCH_PATHS = (
					"$(inherited)",
					"@executable_path/Frameworks",
				);
				PRODUCT_BUNDLE_IDENTIFIER = com.invarn.fixtures.IosSpmDemo;
				SDKROOT = iphoneos;
				TARGETED_DEVICE_FAMILY = "1,2";
			};
			name = Release;
		};
/* End XCBuildConfiguration section */

/* Begin XCConfigurationList section */
		7252949328A9F2516E325283 /* Build configuration list for PBXNativeTarget "IosSpmDemo" */ = {
			isa = XCConfigurationList;
			buildConfigurations = (
				E139CB474BD8C28282472FEE /* Debug */,
				FD70574C97623C28DA7A3BDA /* Release */,
			);
			defaultConfigurationIsVisible = 0;
			defaultConfigurationName = Debug;
		};
		8F4B9DAFC0816FABE37CB72D /* Build configuration list for PBXNativeTarget "IosSpmDemoTests" */ = {
			isa = XCConfigurationList;
			buildConfigurations = (
				BB890F76B0816AD796B94174 /* Debug */,
				A87171123AEE6A1319C35832 /* Release */,
			);
			defaultConfigurationIsVisible = 0;
			defaultConfigurationName = Debug;
		};
		CF2D5E196D584A83E4379CD0 /* Build configuration list for PBXProject "IosSpmDemo" */ = {
			isa = XCConfigurationList;
			buildConfigurations = (
				294F231A59386B9714029944 /* Debug */,
				66BCF075236B7D45E6B2AEB7 /* Release */,
			);
			defaultConfigurationIsVisible = 0;
			defaultConfigurationName = Debug;
		};
/* End XCConfigurationList section */
	};
	rootObject = CF5CB035668FEFC768048B99 /* Project object */;
}
